<?xml version="1.0" encoding="utf-8"?>
<Project ToolsVersion="4.0" xmlns="http://schemas.microsoft.com/developer/msbuild/2003">
  <ItemGroup>
    <Filter Include="源文件">
      <UniqueIdentifier>{4FC737F1-C7A5-4376-A066-2A32D752A2FF}</UniqueIdentifier>
      <Extensions>cpp;c;cc;cxx;def;odl;idl;hpj;bat;asm;asmx</Extensions>
    </Filter>
    <Filter Include="头文件">
      <UniqueIdentifier>{93995380-89BD-4b04-88EB-625FBE52EBFB}</UniqueIdentifier>
      <Extensions>h;hh;hpp;hxx;hm;inl;inc;xsd</Extensions>
    </Filter>
    <Filter Include="资源文件">
      <UniqueIdentifier>{67DA6AB6-F800-4c08-8B7A-83BB121AAD01}</UniqueIdentifier>
      <Extensions>rc;ico;cur;bmp;dlg;rc2;rct;bin;rgs;gif;jpg;jpeg;jpe;resx;tiff;tif;png;wav;mfcribbon-ms</Extensions>
    </Filter>
    <Filter Include="头文件\MessageQueue">
      <UniqueIdentifier>{20a93c62-95f1-4faa-977a-4cae7d9620ff}</UniqueIdentifier>
    </Filter>
    <Filter Include="源文件\MessageQueue">
      <UniqueIdentifier>{ff24b2bc-05ee-4680-9b08-b671f8399496}</UniqueIdentifier>
    </Filter>
    <Filter Include="头文件\MessageHandle">
      <UniqueIdentifier>{1fce69e9-dc26-41f4-8208-0cee99cfa308}</UniqueIdentifier>
    </Filter>
    <Filter Include="源文件\MessageHandle">
      <UniqueIdentifier>{6237407f-8da7-4410-aa8c-4c0cb65d8cbb}</UniqueIdentifier>
    </Filter>
    <Filter Include="头文件\Global">
      <UniqueIdentifier>{fabe875d-4b5f-4ae5-b5bf-a05f2f0d5084}</UniqueIdentifier>
    </Filter>
    <Filter Include="头文件\Log">
      <UniqueIdentifier>{6f8bd5f5-2a29-48a2-92a7-ec70884d25b8}</UniqueIdentifier>
    </Filter>
    <Filter Include="源文件\Log">
      <UniqueIdentifier>{37925200-183d-42a3-bd56-2cdd28a4dc93}</UniqueIdentifier>
    </Filter>
    <Filter Include="头文件\Timer">
      <UniqueIdentifier>{fe557d10-8d8b-46af-909b-b7235700a0ed}</UniqueIdentifier>
    </Filter>
    <Filter Include="源文件\Timer">
      <UniqueIdentifier>{f7a6500a-6f96-44fa-9662-4faa9893001b}</UniqueIdentifier>
    </Filter>
    <Filter Include="头文件\Dmp">
      <UniqueIdentifier>{db719c8c-a85e-48ac-9c41-5d06ee6b8bbc}</UniqueIdentifier>
    </Filter>
    <Filter Include="源文件\Dmp">
      <UniqueIdentifier>{99d98b6c-7a3b-49e3-9d4b-02cad8ea793b}</UniqueIdentifier>
    </Filter>
  </ItemGroup>
  <ItemGroup>
    <ClInclude Include="MessageQueue.h">
      <Filter>头文件\MessageQueue</Filter>
    </ClInclude>
    <ClInclude Include="MessageHandle.h">
      <Filter>头文件\MessageHandle</Filter>
    </ClInclude>
    <ClInclude Include="MessageThread.h">
      <Filter>头文件\MessageHandle</Filter>
    </ClInclude>
    <ClInclude Include="Connect.h">
      <Filter>头文件\Global</Filter>
    </ClInclude>
    <ClInclude Include="LockingQueue.h">
      <Filter>头文件\Global</Filter>
    </ClInclude>
    <ClInclude Include="Singleton.h">
      <Filter>头文件\Global</Filter>
    </ClInclude>
    <ClInclude Include="LOG.h">
      <Filter>头文件\Log</Filter>
    </ClInclude>
    <ClInclude Include="iLog.h">
      <Filter>头文件\Log</Filter>
    </ClInclude>
    <ClInclude Include="logging.h">
      <Filter>头文件\Log</Filter>
    </ClInclude>
    <ClInclude Include="ExceptionHandler.h">
      <Filter>头文件\Dmp</Filter>
    </ClInclude>
    <ClInclude Include="Time.h">
      <Filter>头文件\Timer</Filter>
    </ClInclude>
    <ClInclude Include="Atomic.h">
      <Filter>头文件</Filter>
    </ClInclude>
  </ItemGroup>
  <ItemGroup>
    <ClCompile Include="MessageQueue.cpp">
      <Filter>源文件\MessageQueue</Filter>
    </ClCompile>
    <ClCompile Include="MessageHandle.cpp">
      <Filter>源文件\MessageHandle</Filter>
    </ClCompile>
    <ClCompile Include="MessageThread.cpp">
      <Filter>源文件\MessageHandle</Filter>
    </ClCompile>
    <ClCompile Include="LOG.c">
      <Filter>源文件\Log</Filter>
    </ClCompile>
    <ClCompile Include="iLog.c">
      <Filter>源文件\Log</Filter>
    </ClCompile>
    <ClCompile Include="logging.cpp">
      <Filter>源文件\Log</Filter>
    </ClCompile>
    <ClCompile Include="ExceptionHandler.cpp">
      <Filter>源文件\Dmp</Filter>
    </ClCompile>
    <ClCompile Include="Time.cpp">
      <Filter>源文件\Timer</Filter>
    </ClCompile>
    <ClCompile Include="Atomic.cpp">
      <Filter>源文件</Filter>
    </ClCompile>
  </ItemGroup>
</Project>